
Microsoft Visual Studio Solution File, Format Version 12.00
# Visual Studio Version 17
VisualStudioVersion = 17.13.35931.197 d17.13
MinimumVisualStudioVersion = 10.0.40219.1
Project("{FAE04EC0-301F-11D3-BF4B-00C04F79EFBC}") = "SASF_EAPRAEZ_KRUGER", "SASF_EAPRAEZ_KRUGER\SASF_EAPRAEZ_KRUGER.csproj", "{1531F0A6-6CF8-417C-AF9B-0268C4ECD1FE}"
EndProject
Global
	GlobalSection(SolutionConfigurationPlatforms) = preSolution
		Debug|Any CPU = Debug|Any CPU
		Release|Any CPU = Release|Any CPU
	EndGlobalSection
	GlobalSection(ProjectConfigurationPlatforms) = postSolution
		{1531F0A6-6CF8-417C-AF9B-0268C4ECD1FE}.Debug|Any CPU.ActiveCfg = Debug|Any CPU
		{1531F0A6-6CF8-417C-AF9B-0268C4ECD1FE}.Debug|Any CPU.Build.0 = Debug|Any CPU
		{1531F0A6-6CF8-417C-AF9B-0268C4ECD1FE}.Release|Any CPU.ActiveCfg = Release|Any CPU
		{1531F0A6-6CF8-417C-AF9B-0268C4ECD1FE}.Release|Any CPU.Build.0 = Release|Any CPU
	EndGlobalSection
	GlobalSection(SolutionProperties) = preSolution
		HideSolutionNode = FALSE
	EndGlobalSection
	GlobalSection(ExtensibilityGlobals) = postSolution
		SolutionGuid = {02E530C9-B251-43CF-816C-1AEC4E241202}
	EndGlobalSection
EndGlobal
